
Microsoft Visual Studio Solution File, Format Version 12.00
# Visual Studio Version 17
VisualStudioVersion = 17.12.35514.174
MinimumVisualStudioVersion = 10.0.40219.1
Project("{2150E333-8FDC-42A3-9474-1A3956D46DE8}") = "libraries", "libraries", "{1A8C4471-4111-4AB3-88A5-EEB58EE9E83E}"
EndProject
Project("{2150E333-8FDC-42A3-9474-1A3956D46DE8}") = "Mantis", "Mantis", "{ABBBDE85-2256-494D-8C03-40F6BF535C5E}"
EndProject
Project("{FAE04EC0-301F-11D3-BF4B-00C04F79EFBC}") = "Mantis.Core", "libraries\Mantis\src\core\Mantis.Core\Mantis.Core.csproj", "{BBF79424-524C-49A6-8873-090F74B981AB}"
EndProject
Project("{FAE04EC0-301F-11D3-BF4B-00C04F79EFBC}") = "Mantis.Core.Common", "libraries\Mantis\src\core\Mantis.Core.Common\Mantis.Core.Common.csproj", "{E0A78CE1-C31D-4A39-B129-A0CB66A13BD4}"
EndProject
Project("{FAE04EC0-301F-11D3-BF4B-00C04F79EFBC}") = "Mantis.Core.ECS", "libraries\Mantis\src\core\Mantis.Core.ECS\Mantis.Core.ECS.csproj", "{96C18B0E-7300-438C-B6A3-3FE4D46F7928}"
EndProject
Project("{FAE04EC0-301F-11D3-BF4B-00C04F79EFBC}") = "Mantis.Core.ECS.Common", "libraries\Mantis\src\core\Mantis.Core.ECS.Common\Mantis.Core.ECS.Common.csproj", "{77BEF364-8016-4A6F-A845-2D560458806F}"
EndProject
Project("{FAE04EC0-301F-11D3-BF4B-00C04F79EFBC}") = "Mantis.Core.Logging", "libraries\Mantis\src\core\Mantis.Core.Logging\Mantis.Core.Logging.csproj", "{67E7FD1B-1FCC-4BC9-80B3-8D1401858342}"
EndProject
Project("{FAE04EC0-301F-11D3-BF4B-00C04F79EFBC}") = "Mantis.Core.Logging.Common", "libraries\Mantis\src\core\Mantis.Core.Logging.Common\Mantis.Core.Logging.Common.csproj", "{F7454811-5C7A-4077-A45D-81886E466330}"
EndProject
Project("{FAE04EC0-301F-11D3-BF4B-00C04F79EFBC}") = "Mantis.Core.Logging.Serilog", "libraries\Mantis\src\core\Mantis.Core.Logging.Serilog\Mantis.Core.Logging.Serilog.csproj", "{B8FDA9B0-DACC-4508-B5FD-987958D8395B}"
EndProject
Project("{FAE04EC0-301F-11D3-BF4B-00C04F79EFBC}") = "Mantis.Core.MonoGame", "libraries\Mantis\src\core\Mantis.Core.MonoGame\Mantis.Core.MonoGame.csproj", "{6DD4A28A-275F-43B1-BC8E-143B725013F9}"
EndProject
Project("{FAE04EC0-301F-11D3-BF4B-00C04F79EFBC}") = "Mantis.Core.MonoGame.Common", "libraries\Mantis\src\core\Mantis.Core.MonoGame.Common\Mantis.Core.MonoGame.Common.csproj", "{4DD7C68A-1B4F-47BB-908C-7180E5F8AAB0}"
EndProject
Project("{FAE04EC0-301F-11D3-BF4B-00C04F79EFBC}") = "MonoGame.Framework.DesktopGL", "libraries\Mantis\libraries\MonoGame\MonoGame.Framework\MonoGame.Framework.DesktopGL.csproj", "{474C38E4-7CC2-45EA-A886-8FD2E6E729CE}"
EndProject
Project("{FAE04EC0-301F-11D3-BF4B-00C04F79EFBC}") = "Mantis.Engine", "libraries\Mantis\src\engine\Mantis.Engine\Mantis.Engine.csproj", "{A8FD6397-296E-4440-84A4-DCFDFDD7FBC5}"
EndProject
Project("{FAE04EC0-301F-11D3-BF4B-00C04F79EFBC}") = "Mantis.Engine.Common", "libraries\Mantis\src\engine\Mantis.Engine.Common\Mantis.Engine.Common.csproj", "{E2935D82-A02F-40C7-9AE2-EC70FB23E602}"
EndProject
Project("{2150E333-8FDC-42A3-9474-1A3956D46DE8}") = "libraries", "libraries", "{819B8F27-90BD-4567-811B-5938B2F9E5B1}"
EndProject
Project("{2150E333-8FDC-42A3-9474-1A3956D46DE8}") = "MonoGame", "MonoGame", "{14DC502B-0FBA-404E-A4B1-922D09C4858D}"
EndProject
Project("{2150E333-8FDC-42A3-9474-1A3956D46DE8}") = "src", "src", "{CFA8B0DA-6250-4816-A53E-A72DEA4F3D96}"
EndProject
Project("{2150E333-8FDC-42A3-9474-1A3956D46DE8}") = "core", "core", "{138F51AA-53B7-49AD-9D07-9E8BF95F322C}"
EndProject
Project("{2150E333-8FDC-42A3-9474-1A3956D46DE8}") = "engine", "engine", "{860BCB62-DD70-496C-A47E-B466863185DA}"
EndProject
Project("{2150E333-8FDC-42A3-9474-1A3956D46DE8}") = "Svelto", "Svelto", "{D83F857F-C152-4176-B956-A4E826C3F4DB}"
EndProject
Project("{FAE04EC0-301F-11D3-BF4B-00C04F79EFBC}") = "Svelto.ECS", "libraries\Mantis\libraries\Svelto.ECS\com.sebaslab.svelto.ecs\Svelto.ECS.csproj", "{4E157F26-CDD5-47F9-9880-B1B399C4973F}"
EndProject
Project("{FAE04EC0-301F-11D3-BF4B-00C04F79EFBC}") = "Svelto.Common", "libraries\Mantis\libraries\Svelto.ECS\com.sebaslab.svelto.common\Svelto.Common.csproj", "{0B800CDA-3CAE-4D47-9294-A37790608B1F}"
EndProject
Project("{FAE04EC0-301F-11D3-BF4B-00C04F79EFBC}") = "Mantis26.Sokoban", "src\Mantis26.Sokoban\Mantis26.Sokoban.csproj", "{0AF970E1-E277-C97C-B95A-1E8A6632A85B}"
EndProject
Project("{2150E333-8FDC-42A3-9474-1A3956D46DE8}") = "src", "src", "{02EA681E-C7D8-13C7-8484-4AC65E1B71E8}"
EndProject
Global
	GlobalSection(SolutionConfigurationPlatforms) = preSolution
		Debug|Any CPU = Debug|Any CPU
		Release|Any CPU = Release|Any CPU
	EndGlobalSection
	GlobalSection(ProjectConfigurationPlatforms) = postSolution
		{BBF79424-524C-49A6-8873-090F74B981AB}.Debug|Any CPU.ActiveCfg = Debug|Any CPU
		{BBF79424-524C-49A6-8873-090F74B981AB}.Debug|Any CPU.Build.0 = Debug|Any CPU
		{BBF79424-524C-49A6-8873-090F74B981AB}.Release|Any CPU.ActiveCfg = Release|Any CPU
		{BBF79424-524C-49A6-8873-090F74B981AB}.Release|Any CPU.Build.0 = Release|Any CPU
		{E0A78CE1-C31D-4A39-B129-A0CB66A13BD4}.Debug|Any CPU.ActiveCfg = Debug|Any CPU
		{E0A78CE1-C31D-4A39-B129-A0CB66A13BD4}.Debug|Any CPU.Build.0 = Debug|Any CPU
		{E0A78CE1-C31D-4A39-B129-A0CB66A13BD4}.Release|Any CPU.ActiveCfg = Release|Any CPU
		{E0A78CE1-C31D-4A39-B129-A0CB66A13BD4}.Release|Any CPU.Build.0 = Release|Any CPU
		{96C18B0E-7300-438C-B6A3-3FE4D46F7928}.Debug|Any CPU.ActiveCfg = Debug|Any CPU
		{96C18B0E-7300-438C-B6A3-3FE4D46F7928}.Debug|Any CPU.Build.0 = Debug|Any CPU
		{96C18B0E-7300-438C-B6A3-3FE4D46F7928}.Release|Any CPU.ActiveCfg = Release|Any CPU
		{96C18B0E-7300-438C-B6A3-3FE4D46F7928}.Release|Any CPU.Build.0 = Release|Any CPU
		{77BEF364-8016-4A6F-A845-2D560458806F}.Debug|Any CPU.ActiveCfg = Debug|Any CPU
		{77BEF364-8016-4A6F-A845-2D560458806F}.Debug|Any CPU.Build.0 = Debug|Any CPU
		{77BEF364-8016-4A6F-A845-2D560458806F}.Release|Any CPU.ActiveCfg = Release|Any CPU
		{77BEF364-8016-4A6F-A845-2D560458806F}.Release|Any CPU.Build.0 = Release|Any CPU
		{67E7FD1B-1FCC-4BC9-80B3-8D1401858342}.Debug|Any CPU.ActiveCfg = Debug|Any CPU
		{67E7FD1B-1FCC-4BC9-80B3-8D1401858342}.Debug|Any CPU.Build.0 = Debug|Any CPU
		{67E7FD1B-1FCC-4BC9-80B3-8D1401858342}.Release|Any CPU.ActiveCfg = Release|Any CPU
		{67E7FD1B-1FCC-4BC9-80B3-8D1401858342}.Release|Any CPU.Build.0 = Release|Any CPU
		{F7454811-5C7A-4077-A45D-81886E466330}.Debug|Any CPU.ActiveCfg = Debug|Any CPU
		{F7454811-5C7A-4077-A45D-81886E466330}.Debug|Any CPU.Build.0 = Debug|Any CPU
		{F7454811-5C7A-4077-A45D-81886E466330}.Release|Any CPU.ActiveCfg = Release|Any CPU
		{F7454811-5C7A-4077-A45D-81886E466330}.Release|Any CPU.Build.0 = Release|Any CPU
		{B8FDA9B0-DACC-4508-B5FD-987958D8395B}.Debug|Any CPU.ActiveCfg = Debug|Any CPU
		{B8FDA9B0-DACC-4508-B5FD-987958D8395B}.Debug|Any CPU.Build.0 = Debug|Any CPU
		{B8FDA9B0-DACC-4508-B5FD-987958D8395B}.Release|Any CPU.ActiveCfg = Release|Any CPU
		{B8FDA9B0-DACC-4508-B5FD-987958D8395B}.Release|Any CPU.Build.0 = Release|Any CPU
		{6DD4A28A-275F-43B1-BC8E-143B725013F9}.Debug|Any CPU.ActiveCfg = Debug|Any CPU
		{6DD4A28A-275F-43B1-BC8E-143B725013F9}.Debug|Any CPU.Build.0 = Debug|Any CPU
		{6DD4A28A-275F-43B1-BC8E-143B725013F9}.Release|Any CPU.ActiveCfg = Release|Any CPU
		{6DD4A28A-275F-43B1-BC8E-143B725013F9}.Release|Any CPU.Build.0 = Release|Any CPU
		{4DD7C68A-1B4F-47BB-908C-7180E5F8AAB0}.Debug|Any CPU.ActiveCfg = Debug|Any CPU
		{4DD7C68A-1B4F-47BB-908C-7180E5F8AAB0}.Debug|Any CPU.Build.0 = Debug|Any CPU
		{4DD7C68A-1B4F-47BB-908C-7180E5F8AAB0}.Release|Any CPU.ActiveCfg = Release|Any CPU
		{4DD7C68A-1B4F-47BB-908C-7180E5F8AAB0}.Release|Any CPU.Build.0 = Release|Any CPU
		{474C38E4-7CC2-45EA-A886-8FD2E6E729CE}.Debug|Any CPU.ActiveCfg = Debug|Any CPU
		{474C38E4-7CC2-45EA-A886-8FD2E6E729CE}.Debug|Any CPU.Build.0 = Debug|Any CPU
		{474C38E4-7CC2-45EA-A886-8FD2E6E729CE}.Release|Any CPU.ActiveCfg = Release|Any CPU
		{474C38E4-7CC2-45EA-A886-8FD2E6E729CE}.Release|Any CPU.Build.0 = Release|Any CPU
		{A8FD6397-296E-4440-84A4-DCFDFDD7FBC5}.Debug|Any CPU.ActiveCfg = Debug|Any CPU
		{A8FD6397-296E-4440-84A4-DCFDFDD7FBC5}.Debug|Any CPU.Build.0 = Debug|Any CPU
		{A8FD6397-296E-4440-84A4-DCFDFDD7FBC5}.Release|Any CPU.ActiveCfg = Release|Any CPU
		{A8FD6397-296E-4440-84A4-DCFDFDD7FBC5}.Release|Any CPU.Build.0 = Release|Any CPU
		{E2935D82-A02F-40C7-9AE2-EC70FB23E602}.Debug|Any CPU.ActiveCfg = Debug|Any CPU
		{E2935D82-A02F-40C7-9AE2-EC70FB23E602}.Debug|Any CPU.Build.0 = Debug|Any CPU
		{E2935D82-A02F-40C7-9AE2-EC70FB23E602}.Release|Any CPU.ActiveCfg = Release|Any CPU
		{E2935D82-A02F-40C7-9AE2-EC70FB23E602}.Release|Any CPU.Build.0 = Release|Any CPU
		{4E157F26-CDD5-47F9-9880-B1B399C4973F}.Debug|Any CPU.ActiveCfg = Debug|Any CPU
		{4E157F26-CDD5-47F9-9880-B1B399C4973F}.Debug|Any CPU.Build.0 = Debug|Any CPU
		{4E157F26-CDD5-47F9-9880-B1B399C4973F}.Release|Any CPU.ActiveCfg = Release|Any CPU
		{4E157F26-CDD5-47F9-9880-B1B399C4973F}.Release|Any CPU.Build.0 = Release|Any CPU
		{0B800CDA-3CAE-4D47-9294-A37790608B1F}.Debug|Any CPU.ActiveCfg = Debug|Any CPU
		{0B800CDA-3CAE-4D47-9294-A37790608B1F}.Debug|Any CPU.Build.0 = Debug|Any CPU
		{0B800CDA-3CAE-4D47-9294-A37790608B1F}.Release|Any CPU.ActiveCfg = Release|Any CPU
		{0B800CDA-3CAE-4D47-9294-A37790608B1F}.Release|Any CPU.Build.0 = Release|Any CPU
		{0AF970E1-E277-C97C-B95A-1E8A6632A85B}.Debug|Any CPU.ActiveCfg = Debug|Any CPU
		{0AF970E1-E277-C97C-B95A-1E8A6632A85B}.Debug|Any CPU.Build.0 = Debug|Any CPU
		{0AF970E1-E277-C97C-B95A-1E8A6632A85B}.Release|Any CPU.ActiveCfg = Release|Any CPU
		{0AF970E1-E277-C97C-B95A-1E8A6632A85B}.Release|Any CPU.Build.0 = Release|Any CPU
	EndGlobalSection
	GlobalSection(SolutionProperties) = preSolution
		HideSolutionNode = FALSE
	EndGlobalSection
	GlobalSection(NestedProjects) = preSolution
		{ABBBDE85-2256-494D-8C03-40F6BF535C5E} = {1A8C4471-4111-4AB3-88A5-EEB58EE9E83E}
		{BBF79424-524C-49A6-8873-090F74B981AB} = {138F51AA-53B7-49AD-9D07-9E8BF95F322C}
		{E0A78CE1-C31D-4A39-B129-A0CB66A13BD4} = {138F51AA-53B7-49AD-9D07-9E8BF95F322C}
		{96C18B0E-7300-438C-B6A3-3FE4D46F7928} = {138F51AA-53B7-49AD-9D07-9E8BF95F322C}
		{77BEF364-8016-4A6F-A845-2D560458806F} = {138F51AA-53B7-49AD-9D07-9E8BF95F322C}
		{67E7FD1B-1FCC-4BC9-80B3-8D1401858342} = {138F51AA-53B7-49AD-9D07-9E8BF95F322C}
		{F7454811-5C7A-4077-A45D-81886E466330} = {138F51AA-53B7-49AD-9D07-9E8BF95F322C}
		{B8FDA9B0-DACC-4508-B5FD-987958D8395B} = {138F51AA-53B7-49AD-9D07-9E8BF95F322C}
		{6DD4A28A-275F-43B1-BC8E-143B725013F9} = {138F51AA-53B7-49AD-9D07-9E8BF95F322C}
		{4DD7C68A-1B4F-47BB-908C-7180E5F8AAB0} = {138F51AA-53B7-49AD-9D07-9E8BF95F322C}
		{474C38E4-7CC2-45EA-A886-8FD2E6E729CE} = {14DC502B-0FBA-404E-A4B1-922D09C4858D}
		{A8FD6397-296E-4440-84A4-DCFDFDD7FBC5} = {860BCB62-DD70-496C-A47E-B466863185DA}
		{E2935D82-A02F-40C7-9AE2-EC70FB23E602} = {860BCB62-DD70-496C-A47E-B466863185DA}
		{819B8F27-90BD-4567-811B-5938B2F9E5B1} = {ABBBDE85-2256-494D-8C03-40F6BF535C5E}
		{14DC502B-0FBA-404E-A4B1-922D09C4858D} = {819B8F27-90BD-4567-811B-5938B2F9E5B1}
		{CFA8B0DA-6250-4816-A53E-A72DEA4F3D96} = {ABBBDE85-2256-494D-8C03-40F6BF535C5E}
		{138F51AA-53B7-49AD-9D07-9E8BF95F322C} = {CFA8B0DA-6250-4816-A53E-A72DEA4F3D96}
		{860BCB62-DD70-496C-A47E-B466863185DA} = {CFA8B0DA-6250-4816-A53E-A72DEA4F3D96}
		{D83F857F-C152-4176-B956-A4E826C3F4DB} = {819B8F27-90BD-4567-811B-5938B2F9E5B1}
		{4E157F26-CDD5-47F9-9880-B1B399C4973F} = {D83F857F-C152-4176-B956-A4E826C3F4DB}
		{0B800CDA-3CAE-4D47-9294-A37790608B1F} = {D83F857F-C152-4176-B956-A4E826C3F4DB}
		{0AF970E1-E277-C97C-B95A-1E8A6632A85B} = {02EA681E-C7D8-13C7-8484-4AC65E1B71E8}
	EndGlobalSection
	GlobalSection(ExtensibilityGlobals) = postSolution
		SolutionGuid = {F30B1F14-9B8C-4B30-9B8C-5E8DF1EC4997}
	EndGlobalSection
EndGlobal
